
Microsoft Visual Studio Solution File, Format Version 12.00
# Visual Studio 15
VisualStudioVersion = 15.0.28307.1022
MinimumVisualStudioVersion = 10.0.40219.1
Project("{FAE04EC0-301F-11D3-BF4B-00C04F79EFBC}") = "BankIS.ConsoleApp", "BankISConsoleApp\BankIS.ConsoleApp.csproj", "{F5919777-5DA8-4C4B-AC3B-A6B23012556C}"
EndProject
Global
	GlobalSection(SolutionConfigurationPlatforms) = preSolution
		Debug|Any CPU = Debug|Any CPU
		Release|Any CPU = Release|Any CPU
	EndGlobalSection
	GlobalSection(ProjectConfigurationPlatforms) = postSolution
		{F5919777-5DA8-4C4B-AC3B-A6B23012556C}.Debug|Any CPU.ActiveCfg = Debug|Any CPU
		{F5919777-5DA8-4C4B-AC3B-A6B23012556C}.Debug|Any CPU.Build.0 = Debug|Any CPU
		{F5919777-5DA8-4C4B-AC3B-A6B23012556C}.Release|Any CPU.ActiveCfg = Release|Any CPU
		{F5919777-5DA8-4C4B-AC3B-A6B23012556C}.Release|Any CPU.Build.0 = Release|Any CPU
	EndGlobalSection
	GlobalSection(SolutionProperties) = preSolution
		HideSolutionNode = FALSE
	EndGlobalSection
	GlobalSection(ExtensibilityGlobals) = postSolution
		SolutionGuid = {A1D9144C-674E-4420-8D57-74744F5478CA}
	EndGlobalSection
EndGlobal
